
Microsoft Visual Studio Solution File, Format Version 12.00
# Visual Studio 2013
VisualStudioVersion = 12.0.40629.0
MinimumVisualStudioVersion = 10.0.40219.1
Project("{FAE04EC0-301F-11D3-BF4B-00C04F79EFBC}") = "Login01", "Login01\Login01.csproj", "{C4FFE341-3D9D-40CA-899F-EF28E74AB12E}"
EndProject
Global
	GlobalSection(SolutionConfigurationPlatforms) = preSolution
		Ad-Hoc|iPhone = Ad-Hoc|iPhone
		Ad-Hoc|iPhoneSimulator = Ad-Hoc|iPhoneSimulator
		AppStore|iPhone = AppStore|iPhone
		AppStore|iPhoneSimulator = AppStore|iPhoneSimulator
		Debug|iPhone = Debug|iPhone
		Debug|iPhoneSimulator = Debug|iPhoneSimulator
		Release|iPhone = Release|iPhone
		Release|iPhoneSimulator = Release|iPhoneSimulator
	EndGlobalSection
	GlobalSection(ProjectConfigurationPlatforms) = postSolution
		{C4FFE341-3D9D-40CA-899F-EF28E74AB12E}.Ad-Hoc|iPhone.ActiveCfg = Ad-Hoc|iPhone
		{C4FFE341-3D9D-40CA-899F-EF28E74AB12E}.Ad-Hoc|iPhone.Build.0 = Ad-Hoc|iPhone
		{C4FFE341-3D9D-40CA-899F-EF28E74AB12E}.Ad-Hoc|iPhoneSimulator.ActiveCfg = Ad-Hoc|iPhoneSimulator
		{C4FFE341-3D9D-40CA-899F-EF28E74AB12E}.Ad-Hoc|iPhoneSimulator.Build.0 = Ad-Hoc|iPhoneSimulator
		{C4FFE341-3D9D-40CA-899F-EF28E74AB12E}.AppStore|iPhone.ActiveCfg = AppStore|iPhone
		{C4FFE341-3D9D-40CA-899F-EF28E74AB12E}.AppStore|iPhone.Build.0 = AppStore|iPhone
		{C4FFE341-3D9D-40CA-899F-EF28E74AB12E}.AppStore|iPhoneSimulator.ActiveCfg = AppStore|iPhoneSimulator
		{C4FFE341-3D9D-40CA-899F-EF28E74AB12E}.AppStore|iPhoneSimulator.Build.0 = AppStore|iPhoneSimulator
		{C4FFE341-3D9D-40CA-899F-EF28E74AB12E}.Debug|iPhone.ActiveCfg = Debug|iPhone
		{C4FFE341-3D9D-40CA-899F-EF28E74AB12E}.Debug|iPhone.Build.0 = Debug|iPhone
		{C4FFE341-3D9D-40CA-899F-EF28E74AB12E}.Debug|iPhoneSimulator.ActiveCfg = Debug|iPhoneSimulator
		{C4FFE341-3D9D-40CA-899F-EF28E74AB12E}.Debug|iPhoneSimulator.Build.0 = Debug|iPhoneSimulator
		{C4FFE341-3D9D-40CA-899F-EF28E74AB12E}.Release|iPhone.ActiveCfg = Release|iPhone
		{C4FFE341-3D9D-40CA-899F-EF28E74AB12E}.Release|iPhone.Build.0 = Release|iPhone
		{C4FFE341-3D9D-40CA-899F-EF28E74AB12E}.Release|iPhoneSimulator.ActiveCfg = Release|iPhoneSimulator
		{C4FFE341-3D9D-40CA-899F-EF28E74AB12E}.Release|iPhoneSimulator.Build.0 = Release|iPhoneSimulator
	EndGlobalSection
	GlobalSection(SolutionProperties) = preSolution
		HideSolutionNode = FALSE
	EndGlobalSection
EndGlobal
